// !$*UTF8*$!
{
	archiveVersion = 1;
	classes = {
	};
	objectVersion = 50;
	objects = {

/* Begin PBXBuildFile section */
		6D376AF9222B015F0029BAFB /* ArmController.swift in Sources */ = {isa = PBXBuildFile; fileRef = 6D376AF8222B015F0029BAFB /* ArmController.swift */; };
		6D6077C9220662D500C2D0A8 /* AppDelegate.swift in Sources */ = {isa = PBXBuildFile; fileRef = 6D6077C8220662D500C2D0A8 /* AppDelegate.swift */; };
		6D6077CB220662D500C2D0A8 /* ViewController.swift in Sources */ = {isa = PBXBuildFile; fileRef = 6D6077CA220662D500C2D0A8 /* ViewController.swift */; };
		6D6077CD220662D600C2D0A8 /* Assets.xcassets in Resources */ = {isa = PBXBuildFile; fileRef = 6D6077CC220662D600C2D0A8 /* Assets.xcassets */; };
		6D6077D0220662D600C2D0A8 /* Main.storyboard in Resources */ = {isa = PBXBuildFile; fileRef = 6D6077CE220662D600C2D0A8 /* Main.storyboard */; };
		FA4745CC24709EB500B190D8 /* ArmClawController.swift in Sources */ = {isa = PBXBuildFile; fileRef = FA4745CB24709EB500B190D8 /* ArmClawController.swift */; };
/* End PBXBuildFile section */

/* Begin PBXContainerItemProxy section */
		6D6077D8220662D600C2D0A8 /* PBXContainerItemProxy */ = {
			isa = PBXContainerItemProxy;
			containerPortal = 6D6077BD220662D500C2D0A8 /* Project object */;
			proxyType = 1;
			remoteGlobalIDString = 6D6077C4220662D500C2D0A8;
			remoteInfo = LobotTest1;
		};
		6D6077E3220662D600C2D0A8 /* PBXContainerItemProxy */ = {
			isa = PBXContainerItemProxy;
			containerPortal = 6D6077BD220662D500C2D0A8 /* Project object */;
			proxyType = 1;
			remoteGlobalIDString = 6D6077C4220662D500C2D0A8;
			remoteInfo = LobotTest1;
		};
/* End PBXContainerItemProxy section */

/* Begin PBXFileReference section */
		6D376AF8222B015F0029BAFB /* ArmController.swift */ = {isa = PBXFileReference; lastKnownFileType = sourcecode.swift; path = ArmController.swift; sourceTree = "<group>"; };
		6D6077C5220662D500C2D0A8 /* LobotTest1.app */ = {isa = PBXFileReference; explicitFileType = wrapper.application; includeInIndex = 0; path = LobotTest1.app; sourceTree = BUILT_PRODUCTS_DIR; };
		6D6077C8220662D500C2D0A8 /* AppDelegate.swift */ = {isa = PBXFileReference; lastKnownFileType = sourcecode.swift; path = AppDelegate.swift; sourceTree = "<group>"; };
		6D6077CA220662D500C2D0A8 /* ViewController.swift */ = {isa = PBXFileReference; lastKnownFileType = sourcecode.swift; path = ViewController.swift; sourceTree = "<group>"; };
		6D6077CC220662D600C2D0A8 /* Assets.xcassets */ = {isa = PBXFileReference; lastKnownFileType = folder.assetcatalog; path = Assets.xcassets; sourceTree = "<group>"; };
		6D6077CF220662D600C2D0A8 /* Base */ = {isa = PBXFileReference; lastKnownFileType = file.storyboard; name = Base; path = Base.lproj/Main.storyboard; sourceTree = "<group>"; };
		6D6077D1220662D600C2D0A8 /* Info.plist */ = {isa = PBXFileReference; lastKnownFileType = text.plist.xml; path = Info.plist; sourceTree = "<group>"; };
		6D6077D2220662D600C2D0A8 /* LobotTest1.entitlements */ = {isa = PBXFileReference; lastKnownFileType = text.plist.entitlements; path = LobotTest1.entitlements; sourceTree = "<group>"; };
		6D6077D7220662D600C2D0A8 /* LobotTest1Tests.xctest */ = {isa = PBXFileReference; explicitFileType = wrapper.cfbundle; includeInIndex = 0; path = LobotTest1Tests.xctest; sourceTree = BUILT_PRODUCTS_DIR; };
		6D6077E2220662D600C2D0A8 /* LobotTest1UITests.xctest */ = {isa = PBXFileReference; explicitFileType = wrapper.cfbundle; includeInIndex = 0; path = LobotTest1UITests.xctest; sourceTree = BUILT_PRODUCTS_DIR; };
		FA4745CB24709EB500B190D8 /* ArmClawController.swift */ = {isa = PBXFileReference; lastKnownFileType = sourcecode.swift; path = ArmClawController.swift; sourceTree = "<group>"; };
/* End PBXFileReference section */

/* Begin PBXFrameworksBuildPhase section */
		6D6077C2220662D500C2D0A8 /* Frameworks */ = {
			isa = PBXFrameworksBuildPhase;
			buildActionMask = 2147483647;
			files = (
			);
			runOnlyForDeploymentPostprocessing = 0;
		};
		6D6077D4220662D600C2D0A8 /* Frameworks */ = {
			isa = PBXFrameworksBuildPhase;
			buildActionMask = 2147483647;
			files = (
			);
			runOnlyForDeploymentPostprocessing = 0;
		};
		6D6077DF220662D600C2D0A8 /* Frameworks */ = {
			isa = PBXFrameworksBuildPhase;
			buildActionMask = 2147483647;
			files = (
			);
			runOnlyForDeploymentPostprocessing = 0;
		};
/* End PBXFrameworksBuildPhase section */

/* Begin PBXGroup section */
		6D6077BC220662D500C2D0A8 = {
			isa = PBXGroup;
			children = (
				6D6077C7220662D500C2D0A8 /* LobotTest1 */,
				6D6077C6220662D500C2D0A8 /* Products */,
			);
			sourceTree = "<group>";
		};
		6D6077C6220662D500C2D0A8 /* Products */ = {
			isa = PBXGroup;
			children = (
				6D6077C5220662D500C2D0A8 /* LobotTest1.app */,
				6D6077D7220662D600C2D0A8 /* LobotTest1Tests.xctest */,
				6D6077E2220662D600C2D0A8 /* LobotTest1UITests.xctest */,
			);
			name = Products;
			sourceTree = "<group>";
		};
		6D6077C7220662D500C2D0A8 /* LobotTest1 */ = {
			isa = PBXGroup;
			children = (
				6D6077C8220662D500C2D0A8 /* AppDelegate.swift */,
				6D6077CA220662D500C2D0A8 /* ViewController.swift */,
				6D376AF8222B015F0029BAFB /* ArmController.swift */,
				6D6077CC220662D600C2D0A8 /* Assets.xcassets */,
				6D6077CE220662D600C2D0A8 /* Main.storyboard */,
				6D6077D1220662D600C2D0A8 /* Info.plist */,
				6D6077D2220662D600C2D0A8 /* LobotTest1.entitlements */,
				FA4745CB24709EB500B190D8 /* ArmClawController.swift */,
			);
			path = LobotTest1;
			sourceTree = "<group>";
		};
/* End PBXGroup section */

/* Begin PBXNativeTarget section */
		6D6077C4220662D500C2D0A8 /* LobotTest1 */ = {
			isa = PBXNativeTarget;
			buildConfigurationList = 6D6077EB220662D600C2D0A8 /* Build configuration list for PBXNativeTarget "LobotTest1" */;
			buildPhases = (
				6D6077C1220662D500C2D0A8 /* Sources */,
				6D6077C2220662D500C2D0A8 /* Frameworks */,
				6D6077C3220662D500C2D0A8 /* Resources */,
			);
			buildRules = (
			);
			dependencies = (
			);
			name = LobotTest1;
			productName = LobotTest1;
			productReference = 6D6077C5220662D500C2D0A8 /* LobotTest1.app */;
			productType = "com.apple.product-type.application";
		};
		6D6077D6220662D600C2D0A8 /* LobotTest1Tests */ = {
			isa = PBXNativeTarget;
			buildConfigurationList = 6D6077EE220662D600C2D0A8 /* Build configuration list for PBXNativeTarget "LobotTest1Tests" */;
			buildPhases = (
				6D6077D3220662D600C2D0A8 /* Sources */,
				6D6077D4220662D600C2D0A8 /* Frameworks */,
				6D6077D5220662D600C2D0A8 /* Resources */,
			);
			buildRules = (
			);
			dependencies = (
				6D6077D9220662D600C2D0A8 /* PBXTargetDependency */,
			);
			name = LobotTest1Tests;
			productName = LobotTest1Tests;
			productReference = 6D6077D7220662D600C2D0A8 /* LobotTest1Tests.xctest */;
			productType = "com.apple.product-type.bundle.unit-test";
		};
		6D6077E1220662D600C2D0A8 /* LobotTest1UITests */ = {
			isa = PBXNativeTarget;
			buildConfigurationList = 6D6077F1220662D600C2D0A8 /* Build configuration list for PBXNativeTarget "LobotTest1UITests" */;
			buildPhases = (
				6D6077DE220662D600C2D0A8 /* Sources */,
				6D6077DF220662D600C2D0A8 /* Frameworks */,
				6D6077E0220662D600C2D0A8 /* Resources */,
			);
			buildRules = (
			);
			dependencies = (
				6D6077E4220662D600C2D0A8 /* PBXTargetDependency */,
			);
			name = LobotTest1UITests;
			productName = LobotTest1UITests;
			productReference = 6D6077E2220662D600C2D0A8 /* LobotTest1UITests.xctest */;
			productType = "com.apple.product-type.bundle.ui-testing";
		};
/* End PBXNativeTarget section */

/* Begin PBXProject section */
		6D6077BD220662D500C2D0A8 /* Project object */ = {
			isa = PBXProject;
			attributes = {
				LastSwiftUpdateCheck = 1010;
				LastUpgradeCheck = 1010;
				ORGANIZATIONNAME = Actiontec;
				TargetAttributes = {
					6D6077C4220662D500C2D0A8 = {
						CreatedOnToolsVersion = 10.1;
					};
					6D6077D6220662D600C2D0A8 = {
						CreatedOnToolsVersion = 10.1;
						TestTargetID = 6D6077C4220662D500C2D0A8;
					};
					6D6077E1220662D600C2D0A8 = {
						CreatedOnToolsVersion = 10.1;
						TestTargetID = 6D6077C4220662D500C2D0A8;
					};
				};
			};
			buildConfigurationList = 6D6077C0220662D500C2D0A8 /* Build configuration list for PBXProject "LobotTest1" */;
			compatibilityVersion = "Xcode 9.3";
			developmentRegion = en;
			hasScannedForEncodings = 0;
			knownRegions = (
				en,
				Base,
			);
			mainGroup = 6D6077BC220662D500C2D0A8;
			productRefGroup = 6D6077C6220662D500C2D0A8 /* Products */;
			projectDirPath = "";
			projectRoot = "";
			targets = (
				6D6077C4220662D500C2D0A8 /* LobotTest1 */,
				6D6077D6220662D600C2D0A8 /* LobotTest1Tests */,
				6D6077E1220662D600C2D0A8 /* LobotTest1UITests */,
			);
		};
/* End PBXProject section */

/* Begin PBXResourcesBuildPhase section */
		6D6077C3220662D500C2D0A8 /* Resources */ = {
			isa = PBXResourcesBuildPhase;
			buildActionMask = 2147483647;
			files = (
				6D6077CD220662D600C2D0A8 /* Assets.xcassets in Resources */,
				6D6077D0220662D600C2D0A8 /* Main.storyboard in Resources */,
			);
			runOnlyForDeploymentPostprocessing = 0;
		};
		6D6077D5220662D600C2D0A8 /* Resources */ = {
			isa = PBXResourcesBuildPhase;
			buildActionMask = 2147483647;
			files = (
			);
			runOnlyForDeploymentPostprocessing = 0;
		};
		6D6077E0220662D600C2D0A8 /* Resources */ = {
			isa = PBXResourcesBuildPhase;
			buildActionMask = 2147483647;
			files = (
			);
			runOnlyForDeploymentPostprocessing = 0;
		};
/* End PBXResourcesBuildPhase section */

/* Begin PBXSourcesBuildPhase section */
		6D6077C1220662D500C2D0A8 /* Sources */ = {
			isa = PBXSourcesBuildPhase;
			buildActionMask = 2147483647;
			files = (
				6D6077CB220662D500C2D0A8 /* ViewController.swift in Sources */,
				FA4745CC24709EB500B190D8 /* ArmClawController.swift in Sources */,
				6D6077C9220662D500C2D0A8 /* AppDelegate.swift in Sources */,
				6D376AF9222B015F0029BAFB /* ArmController.swift in Sources */,
			);
			runOnlyForDeploymentPostprocessing = 0;
		};
		6D6077D3220662D600C2D0A8 /* Sources */ = {
			isa = PBXSourcesBuildPhase;
			buildActionMask = 2147483647;
			files = (
			);
			runOnlyForDeploymentPostprocessing = 0;
		};
		6D6077DE220662D600C2D0A8 /* Sources */ = {
			isa = PBXSourcesBuildPhase;
			buildActionMask = 2147483647;
			files = (
			);
			runOnlyForDeploymentPostprocessing = 0;
		};
/* End PBXSourcesBuildPhase section */

/* Begin PBXTargetDependency section */
		6D6077D9220662D600C2D0A8 /* PBXTargetDependency */ = {
			isa = PBXTargetDependency;
			target = 6D6077C4220662D500C2D0A8 /* LobotTest1 */;
			targetProxy = 6D6077D8220662D600C2D0A8 /* PBXContainerItemProxy */;
		};
		6D6077E4220662D600C2D0A8 /* PBXTargetDependency */ = {
			isa = PBXTargetDependency;
			target = 6D6077C4220662D500C2D0A8 /* LobotTest1 */;
			targetProxy = 6D6077E3220662D600C2D0A8 /* PBXContainerItemProxy */;
		};
/* End PBXTargetDependency section */

/* Begin PBXVariantGroup section */
		6D6077CE220662D600C2D0A8 /* Main.storyboard */ = {
			isa = PBXVariantGroup;
			children = (
				6D6077CF220662D600C2D0A8 /* Base */,
			);
			name = Main.storyboard;
			sourceTree = "<group>";
		};
/* End PBXVariantGroup section */

/* Begin XCBuildConfiguration section */
		6D6077E9220662D600C2D0A8 /* Debug */ = {
			isa = XCBuildConfiguration;
			buildSettings = {
				ALWAYS_SEARCH_USER_PATHS = NO;
				CLANG_ANALYZER_NONNULL = YES;
				CLANG_ANALYZER_NUMBER_OBJECT_CONVERSION = YES_AGGRESSIVE;
				CLANG_CXX_LANGUAGE_STANDARD = "gnu++14";
				CLANG_CXX_LIBRARY = "libc++";
				CLANG_ENABLE_MODULES = YES;
				CLANG_ENABLE_OBJC_ARC = YES;
				CLANG_ENABLE_OBJC_WEAK = YES;
				CLANG_WARN_BLOCK_CAPTURE_AUTORELEASING = YES;
				CLANG_WARN_BOOL_CONVERSION = YES;
				CLANG_WARN_COMMA = YES;
				CLANG_WARN_CONSTANT_CONVERSION = YES;
				CLANG_WARN_DEPRECATED_OBJC_IMPLEMENTATIONS = YES;
				CLANG_WARN_DIRECT_OBJC_ISA_USAGE = YES_ERROR;
				CLANG_WARN_DOCUMENTATION_COMMENTS = YES;
				CLANG_WARN_EMPTY_BODY = YES;
				CLANG_WARN_ENUM_CONVERSION = YES;
				CLANG_WARN_INFINITE_RECURSION = YES;
				CLANG_WARN_INT_CONVERSION = YES;
				CLANG_WARN_NON_LITERAL_NULL_CONVERSION = YES;
				CLANG_WARN_OBJC_IMPLICIT_RETAIN_SELF = YES;
				CLANG_WARN_OBJC_LITERAL_CONVERSION = YES;
				CLANG_WARN_OBJC_ROOT_CLASS = YES_ERROR;
				CLANG_WARN_RANGE_LOOP_ANALYSIS = YES;
				CLANG_WARN_STRICT_PROTOTYPES = YES;
				CLANG_WARN_SUSPICIOUS_MOVE = YES;
				CLANG_WARN_UNGUARDED_AVAILABILITY = YES_AGGRESSIVE;
				CLANG_WARN_UNREACHABLE_CODE = YES;
				CLANG_WARN__DUPLICATE_METHOD_MATCH = YES;
				CODE_SIGN_IDENTITY = "Mac Developer";
				COPY_PHASE_STRIP = NO;
				DEBUG_INFORMATION_FORMAT = dwarf;
				ENABLE_STRICT_OBJC_MSGSEND = YES;
				ENABLE_TESTABILITY = YES;
				GCC_C_LANGUAGE_STANDARD = gnu11;
				GCC_DYNAMIC_NO_PIC = NO;
				GCC_NO_COMMON_BLOCKS = YES;
				GCC_OPTIMIZATION_LEVEL = 0;
				GCC_PREPROCESSOR_DEFINITIONS = (
					"DEBUG=1",
					"$(inherited)",
				);
				GCC_WARN_64_TO_32_BIT_CONVERSION = YES;
				GCC_WARN_ABOUT_RETURN_TYPE = YES_ERROR;
				GCC_WARN_UNDECLARED_SELECTOR = YES;
				GCC_WARN_UNINITIALIZED_AUTOS = YES_AGGRESSIVE;
				GCC_WARN_UNUSED_FUNCTION = YES;
				GCC_WARN_UNUSED_VARIABLE = YES;
				MACOSX_DEPLOYMENT_TARGET = 10.14;
				MTL_ENABLE_DEBUG_INFO = INCLUDE_SOURCE;
				MTL_FAST_MATH = YES;
				ONLY_ACTIVE_ARCH = YES;
				SDKROOT = macosx;
				SWIFT_ACTIVE_COMPILATION_CONDITIONS = DEBUG;
				SWIFT_OPTIMIZATION_LEVEL = "-Onone";
			};
			name = Debug;
		};
		6D6077EA220662D600C2D0A8 /* Release */ = {
			isa = XCBuildConfiguration;
			buildSettings = {
				ALWAYS_SEARCH_USER_PATHS = NO;
				CLANG_ANALYZER_NONNULL = YES;
				CLANG_ANALYZER_NUMBER_OBJECT_CONVERSION = YES_AGGRESSIVE;
				CLANG_CXX_LANGUAGE_STANDARD = "gnu++14";
				CLANG_CXX_LIBRARY = "libc++";
				CLANG_ENABLE_MODULES = YES;
				CLANG_ENABLE_OBJC_ARC = YES;
				CLANG_ENABLE_OBJC_WEAK = YES;
				CLANG_WARN_BLOCK_CAPTURE_AUTORELEASING = YES;
				CLANG_WARN_BOOL_CONVERSION = YES;
				CLANG_WARN_COMMA = YES;
				CLANG_WARN_CONSTANT_CONVERSION = YES;
				CLANG_WARN_DEPRECATED_OBJC_IMPLEMENTATIONS = YES;
				CLANG_WARN_DIRECT_OBJC_ISA_USAGE = YES_ERROR;
				CLANG_WARN_DOCUMENTATION_COMMENTS = YES;
				CLANG_WARN_EMPTY_BODY = YES;
				CLANG_WARN_ENUM_CONVERSION = YES;
				CLANG_WARN_INFINITE_RECURSION = YES;
				CLANG_WARN_INT_CONVERSION = YES;
				CLANG_WARN_NON_LITERAL_NULL_CONVERSION = YES;
				CLANG_WARN_OBJC_IMPLICIT_RETAIN_SELF = YES;
				CLANG_WARN_OBJC_LITERAL_CONVERSION = YES;
				CLANG_WARN_OBJC_ROOT_CLASS = YES_ERROR;
				CLANG_WARN_RANGE_LOOP_ANALYSIS = YES;
				CLANG_WARN_STRICT_PROTOTYPES = YES;
				CLANG_WARN_SUSPICIOUS_MOVE = YES;
				CLANG_WARN_UNGUARDED_AVAILABILITY = YES_AGGRESSIVE;
				CLANG_WARN_UNREACHABLE_CODE = YES;
				CLANG_WARN__DUPLICATE_METHOD_MATCH = YES;
				CODE_SIGN_IDENTITY = "Mac Developer";
				COPY_PHASE_STRIP = NO;
				DEBUG_INFORMATION_FORMAT = "dwarf-with-dsym";
				ENABLE_NS_ASSERTIONS = NO;
				ENABLE_STRICT_OBJC_MSGSEND = YES;
				GCC_C_LANGUAGE_STANDARD = gnu11;
				GCC_NO_COMMON_BLOCKS = YES;
				GCC_WARN_64_TO_32_BIT_CONVERSION = YES;
				GCC_WARN_ABOUT_RETURN_TYPE = YES_ERROR;
				GCC_WARN_UNDECLARED_SELECTOR = YES;
				GCC_WARN_UNINITIALIZED_AUTOS = YES_AGGRESSIVE;
				GCC_WARN_UNUSED_FUNCTION = YES;
				GCC_WARN_UNUSED_VARIABLE = YES;
				MACOSX_DEPLOYMENT_TARGET = 10.14;
				MTL_ENABLE_DEBUG_INFO = NO;
				MTL_FAST_MATH = YES;
				SDKROOT = macosx;
				SWIFT_COMPILATION_MODE = wholemodule;
				SWIFT_OPTIMIZATION_LEVEL = "-O";
			};
			name = Release;
		};
		6D6077EC220662D600C2D0A8 /* Debug */ = {
			isa = XCBuildConfiguration;
			buildSettings = {
				ASSETCATALOG_COMPILER_APPICON_NAME = AppIcon;
				CODE_SIGN_STYLE = Automatic;
				COMBINE_HIDPI_IMAGES = YES;
				DEVELOPMENT_TEAM = FFNLL9CBET;
				INFOPLIST_FILE = LobotTest1/Info.plist;
				LD_RUNPATH_SEARCH_PATHS = (
					"$(inherited)",
					"@executable_path/../Frameworks",
				);
				PRODUCT_BUNDLE_IDENTIFIER = com.actiontec.LobotTest1;
				PRODUCT_NAME = "$(TARGET_NAME)";
				SWIFT_VERSION = 4.2;
			};
			name = Debug;
		};
		6D6077ED220662D600C2D0A8 /* Release */ = {
			isa = XCBuildConfiguration;
			buildSettings = {
				ASSETCATALOG_COMPILER_APPICON_NAME = AppIcon;
				CODE_SIGN_STYLE = Automatic;
				COMBINE_HIDPI_IMAGES = YES;
				DEVELOPMENT_TEAM = S749U2L34U;
				INFOPLIST_FILE = LobotTest1/Info.plist;
				LD_RUNPATH_SEARCH_PATHS = (
					"$(inherited)",
					"@executable_path/../Frameworks",
				);
				PRODUCT_BUNDLE_IDENTIFIER = com.actiontec.LobotTest1;
				PRODUCT_NAME = "$(TARGET_NAME)";
				SWIFT_VERSION = 4.2;
			};
			name = Release;
		};
		6D6077EF220662D600C2D0A8 /* Debug */ = {
			isa = XCBuildConfiguration;
			buildSettings = {
				ALWAYS_EMBED_SWIFT_STANDARD_LIBRARIES = YES;
				BUNDLE_LOADER = "$(TEST_HOST)";
				CODE_SIGN_STYLE = Automatic;
				COMBINE_HIDPI_IMAGES = YES;
				DEVELOPMENT_TEAM = S749U2L34U;
				INFOPLIST_FILE = LobotTest1Tests/Info.plist;
				LD_RUNPATH_SEARCH_PATHS = (
					"$(inherited)",
					"@executable_path/../Frameworks",
					"@loader_path/../Frameworks",
				);
				PRODUCT_BUNDLE_IDENTIFIER = com.actiontec.LobotTest1Tests;
				PRODUCT_NAME = "$(TARGET_NAME)";
				SWIFT_VERSION = 4.2;
				TEST_HOST = "$(BUILT_PRODUCTS_DIR)/LobotTest1.app/Contents/MacOS/LobotTest1";
			};
			name = Debug;
		};
		6D6077F0220662D600C2D0A8 /* Release */ = {
			isa = XCBuildConfiguration;
			buildSettings = {
				ALWAYS_EMBED_SWIFT_STANDARD_LIBRARIES = YES;
				BUNDLE_LOADER = "$(TEST_HOST)";
				CODE_SIGN_STYLE = Automatic;
				COMBINE_HIDPI_IMAGES = YES;
				DEVELOPMENT_TEAM = S749U2L34U;
				INFOPLIST_FILE = LobotTest1Tests/Info.plist;
				LD_RUNPATH_SEARCH_PATHS = (
					"$(inherited)",
					"@executable_path/../Frameworks",
					"@loader_path/../Frameworks",
				);
				PRODUCT_BUNDLE_IDENTIFIER = com.actiontec.LobotTest1Tests;
				PRODUCT_NAME = "$(TARGET_NAME)";
				SWIFT_VERSION = 4.2;
				TEST_HOST = "$(BUILT_PRODUCTS_DIR)/LobotTest1.app/Contents/MacOS/LobotTest1";
			};
			name = Release;
		};
		6D6077F2220662D600C2D0A8 /* Debug */ = {
			isa = XCBuildConfiguration;
			buildSettings = {
				ALWAYS_EMBED_SWIFT_STANDARD_LIBRARIES = YES;
				CODE_SIGN_STYLE = Automatic;
				COMBINE_HIDPI_IMAGES = YES;
				DEVELOPMENT_TEAM = S749U2L34U;
				INFOPLIST_FILE = LobotTest1UITests/Info.plist;
				LD_RUNPATH_SEARCH_PATHS = (
					"$(inherited)",
					"@executable_path/../Frameworks",
					"@loader_path/../Frameworks",
				);
				PRODUCT_BUNDLE_IDENTIFIER = com.actiontec.LobotTest1UITests;
				PRODUCT_NAME = "$(TARGET_NAME)";
				SWIFT_VERSION = 4.2;
				TEST_TARGET_NAME = LobotTest1;
			};
			name = Debug;
		};
		6D6077F3220662D600C2D0A8 /* Release */ = {
			isa = XCBuildConfiguration;
			buildSettings = {
				ALWAYS_EMBED_SWIFT_STANDARD_LIBRARIES = YES;
				CODE_SIGN_STYLE = Automatic;
				COMBINE_HIDPI_IMAGES = YES;
				DEVELOPMENT_TEAM = S749U2L34U;
				INFOPLIST_FILE = LobotTest1UITests/Info.plist;
				LD_RUNPATH_SEARCH_PATHS = (
					"$(inherited)",
					"@executable_path/../Frameworks",
					"@loader_path/../Frameworks",
				);
				PRODUCT_BUNDLE_IDENTIFIER = com.actiontec.LobotTest1UITests;
				PRODUCT_NAME = "$(TARGET_NAME)";
				SWIFT_VERSION = 4.2;
				TEST_TARGET_NAME = LobotTest1;
			};
			name = Release;
		};
/* End XCBuildConfiguration section */

/* Begin XCConfigurationList section */
		6D6077C0220662D500C2D0A8 /* Build configuration list for PBXProject "LobotTest1" */ = {
			isa = XCConfigurationList;
			buildConfigurations = (
				6D6077E9220662D600C2D0A8 /* Debug */,
				6D6077EA220662D600C2D0A8 /* Release */,
			);
			defaultConfigurationIsVisible = 0;
			defaultConfigurationName = Release;
		};
		6D6077EB220662D600C2D0A8 /* Build configuration list for PBXNativeTarget "LobotTest1" */ = {
			isa = XCConfigurationList;
			buildConfigurations = (
				6D6077EC220662D600C2D0A8 /* Debug */,
				6D6077ED220662D600C2D0A8 /* Release */,
			);
			defaultConfigurationIsVisible = 0;
			defaultConfigurationName = Release;
		};
		6D6077EE220662D600C2D0A8 /* Build configuration list for PBXNativeTarget "LobotTest1Tests" */ = {
			isa = XCConfigurationList;
			buildConfigurations = (
				6D6077EF220662D600C2D0A8 /* Debug */,
				6D6077F0220662D600C2D0A8 /* Release */,
			);
			defaultConfigurationIsVisible = 0;
			defaultConfigurationName = Release;
		};
		6D6077F1220662D600C2D0A8 /* Build configuration list for PBXNativeTarget "LobotTest1UITests" */ = {
			isa = XCConfigurationList;
			buildConfigurations = (
				6D6077F2220662D600C2D0A8 /* Debug */,
				6D6077F3220662D600C2D0A8 /* Release */,
			);
			defaultConfigurationIsVisible = 0;
			defaultConfigurationName = Release;
		};
/* End XCConfigurationList section */
	};
	rootObject = 6D6077BD220662D500C2D0A8 /* Project object */;
}
